<?xml version="1.0" encoding="utf-8"?>
<Project ToolsVersion="4.0" xmlns="http://schemas.microsoft.com/developer/msbuild/2003">
  <ItemGroup>
    <Filter Include="Source Files">
      <UniqueIdentifier>{4FC737F1-C7A5-4376-A066-2A32D752A2FF}</UniqueIdentifier>
      <Extensions>cpp;c;cc;cxx;c++;cppm;ixx;def;odl;idl;hpj;bat;asm;asmx</Extensions>
    </Filter>
    <Filter Include="Header Files">
      <UniqueIdentifier>{93995380-89BD-4b04-88EB-625FBE52EBFB}</UniqueIdentifier>
      <Extensions>h;hh;hpp;hxx;h++;hm;inl;inc;ipp;xsd</Extensions>
    </Filter>
    <Filter Include="Resource Files">
      <UniqueIdentifier>{67DA6AB6-F800-4c08-8B7A-83BB121AAD01}</UniqueIdentifier>
      <Extensions>rc;ico;cur;bmp;dlg;rc2;rct;bin;rgs;gif;jpg;jpeg;jpe;resx;tiff;tif;png;wav;mfcribbon-ms</Extensions>
    </Filter>
  </ItemGroup>
  <ItemGroup>
    <ClCompile Include="src/main.cpp">
      <Filter>Source Files</Filter>
    </ClCompile>
    <ClCompile Include="src\pch.cpp">
      <Filter>Source Files</Filter>
    </ClCompile>
    <ClCompile Include="src\core\core.cpp">
      <Filter>Source Files</Filter>
    </ClCompile>
    <ClCompile Include="src\core\managers\window.cpp">
      <Filter>Source Files</Filter>
    </ClCompile>
    <ClCompile Include="src\core\managers\renderer.cpp">
      <Filter>Source Files</Filter>
    </ClCompile>
    <ClCompile Include="src\core\managers\debug.cpp">
      <Filter>Source Files</Filter>
    </ClCompile>
    <ClCompile Include="src\core\objects.cpp">
      <Filter>Source Files</Filter>
    </ClCompile>
    <ClCompile Include="src\core\managers\renderer_swapchain.cpp">
      <Filter>Source Files</Filter>
    </ClCompile>
    <ClCompile Include="src\core\managers\renderer_physicaldevice.cpp">
      <Filter>Source Files</Filter>
    </ClCompile>
    <ClCompile Include="src\util\util.cpp">
      <Filter>Source Files</Filter>
    </ClCompile>
    <ClCompile Include="src\core\managers\renderer_rendering.cpp">
      <Filter>Source Files</Filter>
    </ClCompile>
    <ClCompile Include="src\config.cpp">
      <Filter>Source Files</Filter>
    </ClCompile>
    <ClCompile Include="src\core\managers\input.cpp">
      <Filter>Source Files</Filter>
    </ClCompile>
    <ClCompile Include="src\core\managers\actors.cpp">
      <Filter>Source Files</Filter>
    </ClCompile>
    <ClCompile Include="src\core\world\model\mesh_plane.cpp">
      <Filter>Source Files</Filter>
    </ClCompile>
    <ClCompile Include="src\core\world\model\mesh.cpp">
      <Filter>Source Files</Filter>
    </ClCompile>
    <ClCompile Include="src\core\managers\renderer_logicaldevice.cpp">
      <Filter>Source Files</Filter>
    </ClCompile>
    <ClCompile Include="src\core\vk_mem_alloc.cpp">
      <Filter>Source Files</Filter>
    </ClCompile>
    <ClCompile Include="src\core\managers\renderer_util.cpp">
      <Filter>Source Files</Filter>
    </ClCompile>
    <ClCompile Include="src\core\managers\time.cpp">
      <Filter>Source Files</Filter>
    </ClCompile>
    <ClCompile Include="src\core\world\actors\base.cpp">
      <Filter>Source Files</Filter>
    </ClCompile>
    <ClCompile Include="src\core\world\actors\camera.cpp">
      <Filter>Source Files</Filter>
    </ClCompile>
    <ClCompile Include="src\util\math.cpp">
      <Filter>Source Files</Filter>
    </ClCompile>
    <ClCompile Include="src\core\managers\script.cpp">
      <Filter>Source Files</Filter>
    </ClCompile>
    <ClCompile Include="src\core\managers\ref.cpp">
      <Filter>Source Files</Filter>
    </ClCompile>
    <ClCompile Include="src\core\managers\materials.cpp">
      <Filter>Source Files</Filter>
    </ClCompile>
    <ClCompile Include="src\core\managers\input_table.cpp">
      <Filter>Source Files</Filter>
    </ClCompile>
    <ClCompile Include="src\core\managers\player.cpp">
      <Filter>Source Files</Filter>
    </ClCompile>
    <ClCompile Include="src\core\world\actors\pawn.cpp">
      <Filter>Source Files</Filter>
    </ClCompile>
    <ClCompile Include="src\core\world\model\model.cpp">
      <Filter>Source Files</Filter>
    </ClCompile>
  </ItemGroup>
  <ItemGroup>
    <ClInclude Include="include\pch.h">
      <Filter>Header Files</Filter>
    </ClInclude>
    <ClInclude Include="include\core\core.h">
      <Filter>Header Files</Filter>
    </ClInclude>
    <ClInclude Include="include\core\managers\window.h">
      <Filter>Header Files</Filter>
    </ClInclude>
    <ClInclude Include="include\define.h">
      <Filter>Header Files</Filter>
    </ClInclude>
    <ClInclude Include="include\core\managers\common.h">
      <Filter>Header Files</Filter>
    </ClInclude>
    <ClInclude Include="include\core\managers\renderer.h">
      <Filter>Header Files</Filter>
    </ClInclude>
    <ClInclude Include="include\config.h">
      <Filter>Header Files</Filter>
    </ClInclude>
    <ClInclude Include="include\core\managers\debug.h">
      <Filter>Header Files</Filter>
    </ClInclude>
    <ClInclude Include="include\core\objects.h">
      <Filter>Header Files</Filter>
    </ClInclude>
    <ClInclude Include="include\util\util.h">
      <Filter>Header Files</Filter>
    </ClInclude>
    <ClInclude Include="include\core\managers\input.h">
      <Filter>Header Files</Filter>
    </ClInclude>
    <ClInclude Include="include\define_t.h">
      <Filter>Header Files</Filter>
    </ClInclude>
    <ClInclude Include="include\core\world\primitives\triangleindex.h">
      <Filter>Header Files</Filter>
    </ClInclude>
    <ClInclude Include="include\core\world\primitives\sphere.h">
      <Filter>Header Files</Filter>
    </ClInclude>
    <ClInclude Include="include\core\world\primitives\primitives_include.h">
      <Filter>Header Files</Filter>
    </ClInclude>
    <ClInclude Include="include\core\world\primitives\plane.h">
      <Filter>Header Files</Filter>
    </ClInclude>
    <ClInclude Include="include\core\world\primitives\cube.h">
      <Filter>Header Files</Filter>
    </ClInclude>
    <ClInclude Include="include\core\managers\actors.h">
      <Filter>Header Files</Filter>
    </ClInclude>
    <ClInclude Include="include\core\world\model\mesh.h">
      <Filter>Header Files</Filter>
    </ClInclude>
    <ClInclude Include="include\core\world\model\mesh_plane.h">
      <Filter>Header Files</Filter>
    </ClInclude>
    <ClInclude Include="include\core\world\model\mesh_include.h">
      <Filter>Header Files</Filter>
    </ClInclude>
    <ClInclude Include="lib\include\vk_mem_alloc.h">
      <Filter>Header Files</Filter>
    </ClInclude>
    <ClInclude Include="include\core\managers\time.h">
      <Filter>Header Files</Filter>
    </ClInclude>
    <ClInclude Include="include\core\world\actors\base.h">
      <Filter>Header Files</Filter>
    </ClInclude>
    <ClInclude Include="include\util\math.h">
      <Filter>Header Files</Filter>
    </ClInclude>
    <ClInclude Include="include\core\world\actors\camera.h">
      <Filter>Header Files</Filter>
    </ClInclude>
    <ClInclude Include="include\core\managers\script.h">
      <Filter>Header Files</Filter>
    </ClInclude>
    <ClInclude Include="include\core\managers\ref.h">
      <Filter>Header Files</Filter>
    </ClInclude>
    <ClInclude Include="include\core\managers\materials.h">
      <Filter>Header Files</Filter>
    </ClInclude>
    <ClInclude Include="include\define_input.h">
      <Filter>Header Files</Filter>
    </ClInclude>
    <ClInclude Include="include\core\managers\player.h">
      <Filter>Header Files</Filter>
    </ClInclude>
    <ClInclude Include="include\core\world\actors\pawn.h">
      <Filter>Header Files</Filter>
    </ClInclude>
    <ClInclude Include="lib\include\tinygltf\tiny_gltf.h">
      <Filter>Header Files</Filter>
    </ClInclude>
    <ClInclude Include="include\core\world\model\model.h">
      <Filter>Header Files</Filter>
    </ClInclude>
  </ItemGroup>
  <ItemGroup>
    <Library Include="lib\glfw3.lib" />
  </ItemGroup>
  <ItemGroup>
    <None Include=".gitignore" />
    <None Include=".gitattributes" />
    <None Include="content\shaders\default.vert" />
    <None Include="content\shaders\default.frag" />
    <None Include="content_src\shaders\fs_default.frag" />
    <None Include="content_src\shaders\vs_default.vert" />
    <None Include="config\config.json" />
    <None Include="content\shaders\fs_default.spv" />
    <None Include="content\shaders\shaders" />
    <None Include="content\shaders\vs_default.spv" />
    <None Include="content\maps\default.map\cameras.json" />
    <None Include="content\maps\default.map\camerasNext.json" />
    <None Include="content\maps\default.map\commands.json" />
    <None Include="content\maps\default.map\init.json" />
    <None Include="content\maps\default.map\lights.json" />
    <None Include="content\maps\default.map\materials.json" />
    <None Include="content\maps\default.map\objects.json" />
    <None Include="development\devconfig.json" />
    <None Include="development\compileShaders_Win_x64_DEBUG.bat">
      <Filter>Source Files</Filter>
    </None>
  </ItemGroup>
</Project>