<?xml version="1.0" encoding="utf-8"?>
<Project ToolsVersion="4.0" xmlns="http://schemas.microsoft.com/developer/msbuild/2003">
  <ItemGroup>
    <Filter Include="Source Files">
      <UniqueIdentifier>{4FC737F1-C7A5-4376-A066-2A32D752A2FF}</UniqueIdentifier>
      <Extensions>cpp;c;cc;cxx;c++;cppm;ixx;def;odl;idl;hpj;bat;asm;asmx</Extensions>
    </Filter>
    <Filter Include="Header Files">
      <UniqueIdentifier>{93995380-89BD-4b04-88EB-625FBE52EBFB}</UniqueIdentifier>
      <Extensions>h;hh;hpp;hxx;h++;hm;inl;inc;ipp;xsd</Extensions>
    </Filter>
    <Filter Include="Resource Files">
      <UniqueIdentifier>{67DA6AB6-F800-4c08-8B7A-83BB121AAD01}</UniqueIdentifier>
      <Extensions>rc;ico;cur;bmp;dlg;rc2;rct;bin;rgs;gif;jpg;jpeg;jpe;resx;tiff;tif;png;wav;mfcribbon-ms</Extensions>
    </Filter>
  </ItemGroup>
  <ItemGroup>
    <ClCompile Include="src/main.cpp">
      <Filter>Source Files</Filter>
    </ClCompile>
    <ClCompile Include="src\pch.cpp">
      <Filter>Source Files</Filter>
    </ClCompile>
    <ClCompile Include="src\core\renderer\renderer.cpp">
      <Filter>Source Files</Filter>
    </ClCompile>
    <ClCompile Include="src\core\core.cpp">
      <Filter>Source Files</Filter>
    </ClCompile>
    <ClCompile Include="src\core\managers\mwindow.cpp">
      <Filter>Source Files</Filter>
    </ClCompile>
    <ClCompile Include="src\core\managers\mgraphics.cpp">
      <Filter>Source Files</Filter>
    </ClCompile>
    <ClCompile Include="src\core\managers\mdebug.cpp">
      <Filter>Source Files</Filter>
    </ClCompile>
    <ClCompile Include="src\core\objects.cpp">
      <Filter>Source Files</Filter>
    </ClCompile>
    <ClCompile Include="src\core\managers\mgraphics_swapchain.cpp">
      <Filter>Source Files</Filter>
    </ClCompile>
    <ClCompile Include="src\core\managers\mgraphics_physicaldevice.cpp">
      <Filter>Source Files</Filter>
    </ClCompile>
    <ClCompile Include="src\util\util.cpp">
      <Filter>Source Files</Filter>
    </ClCompile>
    <ClCompile Include="src\core\managers\mgraphics_rendering.cpp">
      <Filter>Source Files</Filter>
    </ClCompile>
    <ClCompile Include="src\config.cpp">
      <Filter>Source Files</Filter>
    </ClCompile>
    <ClCompile Include="src\core\managers\minput.cpp">
      <Filter>Source Files</Filter>
    </ClCompile>
    <ClCompile Include="src\core\managers\mmodel.cpp">
      <Filter>Source Files</Filter>
    </ClCompile>
    <ClCompile Include="src\core\world\mesh\mesh_plane.cpp">
      <Filter>Source Files</Filter>
    </ClCompile>
    <ClCompile Include="src\core\world\mesh\mesh.cpp">
      <Filter>Source Files</Filter>
    </ClCompile>
    <ClCompile Include="src\core\managers\mgraphics_logicaldevice.cpp">
      <Filter>Source Files</Filter>
    </ClCompile>
  </ItemGroup>
  <ItemGroup>
    <ClInclude Include="include\pch.h">
      <Filter>Header Files</Filter>
    </ClInclude>
    <ClInclude Include="include\core\renderer\renderer.h">
      <Filter>Header Files</Filter>
    </ClInclude>
    <ClInclude Include="include\core\core.h">
      <Filter>Header Files</Filter>
    </ClInclude>
    <ClInclude Include="include\core\managers\mwindow.h">
      <Filter>Header Files</Filter>
    </ClInclude>
    <ClInclude Include="include\define.h">
      <Filter>Header Files</Filter>
    </ClInclude>
    <ClInclude Include="include\core\managers\common.h">
      <Filter>Header Files</Filter>
    </ClInclude>
    <ClInclude Include="include\core\managers\mgraphics.h">
      <Filter>Header Files</Filter>
    </ClInclude>
    <ClInclude Include="include\config.h">
      <Filter>Header Files</Filter>
    </ClInclude>
    <ClInclude Include="include\core\managers\mdebug.h">
      <Filter>Header Files</Filter>
    </ClInclude>
    <ClInclude Include="include\core\objects.h">
      <Filter>Header Files</Filter>
    </ClInclude>
    <ClInclude Include="include\util\util.h">
      <Filter>Header Files</Filter>
    </ClInclude>
    <ClInclude Include="include\core\managers\minput.h">
      <Filter>Header Files</Filter>
    </ClInclude>
    <ClInclude Include="include\define_t.h">
      <Filter>Header Files</Filter>
    </ClInclude>
    <ClInclude Include="include\core\world\primitives\triangleindex.h">
      <Filter>Header Files</Filter>
    </ClInclude>
    <ClInclude Include="include\core\world\primitives\sphere.h">
      <Filter>Header Files</Filter>
    </ClInclude>
    <ClInclude Include="include\core\world\primitives\primitives_include.h">
      <Filter>Header Files</Filter>
    </ClInclude>
    <ClInclude Include="include\core\world\primitives\plane.h">
      <Filter>Header Files</Filter>
    </ClInclude>
    <ClInclude Include="include\core\world\primitives\cube.h">
      <Filter>Header Files</Filter>
    </ClInclude>
    <ClInclude Include="include\core\managers\mmodel.h">
      <Filter>Header Files</Filter>
    </ClInclude>
    <ClInclude Include="include\core\world\mesh\mesh.h">
      <Filter>Header Files</Filter>
    </ClInclude>
    <ClInclude Include="include\core\world\mesh\mesh_plane.h">
      <Filter>Header Files</Filter>
    </ClInclude>
    <ClInclude Include="include\core\world\mesh\mesh_include.h">
      <Filter>Header Files</Filter>
    </ClInclude>
  </ItemGroup>
  <ItemGroup>
    <Library Include="lib\glfw3.lib" />
  </ItemGroup>
  <ItemGroup>
    <None Include=".gitignore" />
    <None Include=".gitattributes" />
    <None Include="content\shaders\default.vert" />
    <None Include="content\shaders\default.frag" />
    <None Include="content_src\shaders\fs_default.frag" />
    <None Include="content_src\shaders\vs_default.vert" />
    <None Include="compileShaders_Win_x64.bat">
      <Filter>Source Files</Filter>
    </None>
    <None Include="config\config.json" />
    <None Include="content\shaders\fs_default.spv" />
    <None Include="content\shaders\shaders" />
    <None Include="content\shaders\vs_default.spv" />
  </ItemGroup>
</Project>